
Microsoft Visual Studio Solution File, Format Version 12.00
# Visual Studio Version 17
VisualStudioVersion = 17.11.35327.3
MinimumVisualStudioVersion = 10.0.40219.1
Project("{9A19103F-16F7-4668-BE54-9A1E7A4F7556}") = "TagsCloudCreation", "TagsCloudCreation\TagsCloudCreation.csproj", "{638F204E-C4C1-4237-8828-1DF1D6F1E66B}"
EndProject
Project("{9A19103F-16F7-4668-BE54-9A1E7A4F7556}") = "TagsCloudCreation_Tests", "TagsCloudCreation_Tests\TagsCloudCreation_Tests.csproj", "{8F10F223-7A0E-4FE8-A7CF-8BBD529F8776}"
EndProject
Project("{9A19103F-16F7-4668-BE54-9A1E7A4F7556}") = "WordsFiltration", "WordsFiltration\WordsFiltration.csproj", "{7444F308-28D3-43D7-9805-B1F4A8FC40F4}"
EndProject
Project("{9A19103F-16F7-4668-BE54-9A1E7A4F7556}") = "TagsCloudConsoleInterface", "TagsCloudConsoleInterface\TagsCloudConsoleInterface.csproj", "{4D8EC25F-51D8-46B8-BFE4-E77E340D5F06}"
EndProject
Project("{9A19103F-16F7-4668-BE54-9A1E7A4F7556}") = "TagsCloudApp", "TagsCloudApp\TagsCloudApp.csproj", "{29204E71-3793-4288-996E-E08B65A2176E}"
EndProject
Project("{9A19103F-16F7-4668-BE54-9A1E7A4F7556}") = "WordsFiltration_Tests", "WordsFiltration_Tests\WordsFiltration_Tests.csproj", "{F3A72FE9-2D24-4B2A-9D37-31D0D384B182}"
EndProject
Project("{9A19103F-16F7-4668-BE54-9A1E7A4F7556}") = "RectanglesCloudPositioning", "RectanglesCloudPositioning\RectanglesCloudPositioning.csproj", "{ED571CA9-869D-462E-BF37-292233669627}"
EndProject
Project("{FAE04EC0-301F-11D3-BF4B-00C04F79EFBC}") = "TagsCloudApp_Tests", "TagsCloudApp_Tests\TagsCloudApp_Tests.csproj", "{AE5E83F3-BAA1-4C78-80EB-C2D3A2BF27DB}"
EndProject
Global
	GlobalSection(SolutionConfigurationPlatforms) = preSolution
		Debug|Any CPU = Debug|Any CPU
		Release|Any CPU = Release|Any CPU
	EndGlobalSection
	GlobalSection(ProjectConfigurationPlatforms) = postSolution
		{638F204E-C4C1-4237-8828-1DF1D6F1E66B}.Debug|Any CPU.ActiveCfg = Debug|Any CPU
		{638F204E-C4C1-4237-8828-1DF1D6F1E66B}.Debug|Any CPU.Build.0 = Debug|Any CPU
		{638F204E-C4C1-4237-8828-1DF1D6F1E66B}.Release|Any CPU.ActiveCfg = Release|Any CPU
		{638F204E-C4C1-4237-8828-1DF1D6F1E66B}.Release|Any CPU.Build.0 = Release|Any CPU
		{8F10F223-7A0E-4FE8-A7CF-8BBD529F8776}.Debug|Any CPU.ActiveCfg = Debug|Any CPU
		{8F10F223-7A0E-4FE8-A7CF-8BBD529F8776}.Debug|Any CPU.Build.0 = Debug|Any CPU
		{8F10F223-7A0E-4FE8-A7CF-8BBD529F8776}.Release|Any CPU.ActiveCfg = Release|Any CPU
		{8F10F223-7A0E-4FE8-A7CF-8BBD529F8776}.Release|Any CPU.Build.0 = Release|Any CPU
		{7444F308-28D3-43D7-9805-B1F4A8FC40F4}.Debug|Any CPU.ActiveCfg = Debug|Any CPU
		{7444F308-28D3-43D7-9805-B1F4A8FC40F4}.Debug|Any CPU.Build.0 = Debug|Any CPU
		{7444F308-28D3-43D7-9805-B1F4A8FC40F4}.Release|Any CPU.ActiveCfg = Release|Any CPU
		{7444F308-28D3-43D7-9805-B1F4A8FC40F4}.Release|Any CPU.Build.0 = Release|Any CPU
		{4D8EC25F-51D8-46B8-BFE4-E77E340D5F06}.Debug|Any CPU.ActiveCfg = Debug|Any CPU
		{4D8EC25F-51D8-46B8-BFE4-E77E340D5F06}.Debug|Any CPU.Build.0 = Debug|Any CPU
		{4D8EC25F-51D8-46B8-BFE4-E77E340D5F06}.Release|Any CPU.ActiveCfg = Release|Any CPU
		{4D8EC25F-51D8-46B8-BFE4-E77E340D5F06}.Release|Any CPU.Build.0 = Release|Any CPU
		{29204E71-3793-4288-996E-E08B65A2176E}.Debug|Any CPU.ActiveCfg = Debug|Any CPU
		{29204E71-3793-4288-996E-E08B65A2176E}.Debug|Any CPU.Build.0 = Debug|Any CPU
		{29204E71-3793-4288-996E-E08B65A2176E}.Release|Any CPU.ActiveCfg = Release|Any CPU
		{29204E71-3793-4288-996E-E08B65A2176E}.Release|Any CPU.Build.0 = Release|Any CPU
		{F3A72FE9-2D24-4B2A-9D37-31D0D384B182}.Debug|Any CPU.ActiveCfg = Debug|Any CPU
		{F3A72FE9-2D24-4B2A-9D37-31D0D384B182}.Debug|Any CPU.Build.0 = Debug|Any CPU
		{F3A72FE9-2D24-4B2A-9D37-31D0D384B182}.Release|Any CPU.ActiveCfg = Release|Any CPU
		{F3A72FE9-2D24-4B2A-9D37-31D0D384B182}.Release|Any CPU.Build.0 = Release|Any CPU
		{ED571CA9-869D-462E-BF37-292233669627}.Debug|Any CPU.ActiveCfg = Debug|Any CPU
		{ED571CA9-869D-462E-BF37-292233669627}.Debug|Any CPU.Build.0 = Debug|Any CPU
		{ED571CA9-869D-462E-BF37-292233669627}.Release|Any CPU.ActiveCfg = Release|Any CPU
		{ED571CA9-869D-462E-BF37-292233669627}.Release|Any CPU.Build.0 = Release|Any CPU
		{AE5E83F3-BAA1-4C78-80EB-C2D3A2BF27DB}.Debug|Any CPU.ActiveCfg = Debug|Any CPU
		{AE5E83F3-BAA1-4C78-80EB-C2D3A2BF27DB}.Debug|Any CPU.Build.0 = Debug|Any CPU
		{AE5E83F3-BAA1-4C78-80EB-C2D3A2BF27DB}.Release|Any CPU.ActiveCfg = Release|Any CPU
		{AE5E83F3-BAA1-4C78-80EB-C2D3A2BF27DB}.Release|Any CPU.Build.0 = Release|Any CPU
	EndGlobalSection
	GlobalSection(SolutionProperties) = preSolution
		HideSolutionNode = FALSE
	EndGlobalSection
	GlobalSection(ExtensibilityGlobals) = postSolution
		SolutionGuid = {E56E33F6-198B-4C52-A969-BBC53257210E}
	EndGlobalSection
EndGlobal
